
Microsoft Visual Studio Solution File, Format Version 12.00
Project("{FAE04EC0-301F-11D3-BF4B-00C04F79EFBC}") = "JsonToCSharp", "JsonToCSharp\JsonToCSharp.csproj", "{93D3D164-ABC8-4A05-B1ED-337D4BAF563B}"
EndProject
Project("{FAE04EC0-301F-11D3-BF4B-00C04F79EFBC}") = "JsonToCsharp.Tests", "JsonToCsharp.Tests\JsonToCsharp.Tests.csproj", "{F69CDEC5-6754-42CE-BD2B-B565166631A0}"
EndProject
Global
	GlobalSection(SolutionConfigurationPlatforms) = preSolution
		Debug|Any CPU = Debug|Any CPU
		Release|Any CPU = Release|Any CPU
	EndGlobalSection
	GlobalSection(ProjectConfigurationPlatforms) = postSolution
		{93D3D164-ABC8-4A05-B1ED-337D4BAF563B}.Debug|Any CPU.ActiveCfg = Debug|Any CPU
		{93D3D164-ABC8-4A05-B1ED-337D4BAF563B}.Debug|Any CPU.Build.0 = Debug|Any CPU
		{93D3D164-ABC8-4A05-B1ED-337D4BAF563B}.Release|Any CPU.ActiveCfg = Release|Any CPU
		{93D3D164-ABC8-4A05-B1ED-337D4BAF563B}.Release|Any CPU.Build.0 = Release|Any CPU
		{F69CDEC5-6754-42CE-BD2B-B565166631A0}.Debug|Any CPU.ActiveCfg = Debug|Any CPU
		{F69CDEC5-6754-42CE-BD2B-B565166631A0}.Debug|Any CPU.Build.0 = Debug|Any CPU
		{F69CDEC5-6754-42CE-BD2B-B565166631A0}.Release|Any CPU.ActiveCfg = Release|Any CPU
		{F69CDEC5-6754-42CE-BD2B-B565166631A0}.Release|Any CPU.Build.0 = Release|Any CPU
	EndGlobalSection
EndGlobal
